// !$*UTF8*$!
{
	archiveVersion = 1;
	classes = {
	};
	objectVersion = 55;
	objects = {

/* Begin PBXBuildFile section */
		4C2CB8F828B1568700A8F71D /* AppDelegate.swift in Sources */ = {isa = PBXBuildFile; fileRef = 4C2CB8F728B1568700A8F71D /* AppDelegate.swift */; };
		4C2CB8FA28B1568700A8F71D /* SceneDelegate.swift in Sources */ = {isa = PBXBuildFile; fileRef = 4C2CB8F928B1568700A8F71D /* SceneDelegate.swift */; };
		4C2CB8FC28B1568700A8F71D /* ViewController.swift in Sources */ = {isa = PBXBuildFile; fileRef = 4C2CB8FB28B1568700A8F71D /* ViewController.swift */; };
		4C2CB8FF28B1568700A8F71D /* Main.storyboard in Resources */ = {isa = PBXBuildFile; fileRef = 4C2CB8FD28B1568700A8F71D /* Main.storyboard */; };
		4C2CB90128B1568900A8F71D /* Assets.xcassets in Resources */ = {isa = PBXBuildFile; fileRef = 4C2CB90028B1568900A8F71D /* Assets.xcassets */; };
		4C2CB90428B1568900A8F71D /* LaunchScreen.storyboard in Resources */ = {isa = PBXBuildFile; fileRef = 4C2CB90228B1568900A8F71D /* LaunchScreen.storyboard */; };
		4C2CB90F28B1568900A8F71D /* preworkTests.swift in Sources */ = {isa = PBXBuildFile; fileRef = 4C2CB90E28B1568900A8F71D /* preworkTests.swift */; };
		4C2CB91928B1568900A8F71D /* preworkUITests.swift in Sources */ = {isa = PBXBuildFile; fileRef = 4C2CB91828B1568900A8F71D /* preworkUITests.swift */; };
		4C2CB91B28B1568900A8F71D /* preworkUITestsLaunchTests.swift in Sources */ = {isa = PBXBuildFile; fileRef = 4C2CB91A28B1568900A8F71D /* preworkUITestsLaunchTests.swift */; };
/* End PBXBuildFile section */

/* Begin PBXContainerItemProxy section */
		4C2CB90B28B1568900A8F71D /* PBXContainerItemProxy */ = {
			isa = PBXContainerItemProxy;
			containerPortal = 4C2CB8EC28B1568700A8F71D /* Project object */;
			proxyType = 1;
			remoteGlobalIDString = 4C2CB8F328B1568700A8F71D;
			remoteInfo = prework;
		};
		4C2CB91528B1568900A8F71D /* PBXContainerItemProxy */ = {
			isa = PBXContainerItemProxy;
			containerPortal = 4C2CB8EC28B1568700A8F71D /* Project object */;
			proxyType = 1;
			remoteGlobalIDString = 4C2CB8F328B1568700A8F71D;
			remoteInfo = prework;
		};
/* End PBXContainerItemProxy section */

/* Begin PBXFileReference section */
		4C2CB8F428B1568700A8F71D /* prework.app */ = {isa = PBXFileReference; explicitFileType = wrapper.application; includeInIndex = 0; path = prework.app; sourceTree = BUILT_PRODUCTS_DIR; };
		4C2CB8F728B1568700A8F71D /* AppDelegate.swift */ = {isa = PBXFileReference; lastKnownFileType = sourcecode.swift; path = AppDelegate.swift; sourceTree = "<group>"; };
		4C2CB8F928B1568700A8F71D /* SceneDelegate.swift */ = {isa = PBXFileReference; lastKnownFileType = sourcecode.swift; path = SceneDelegate.swift; sourceTree = "<group>"; };
		4C2CB8FB28B1568700A8F71D /* ViewController.swift */ = {isa = PBXFileReference; lastKnownFileType = sourcecode.swift; path = ViewController.swift; sourceTree = "<group>"; };
		4C2CB8FE28B1568700A8F71D /* Base */ = {isa = PBXFileReference; lastKnownFileType = file.storyboard; name = Base; path = Base.lproj/Main.storyboard; sourceTree = "<group>"; };
		4C2CB90028B1568900A8F71D /* Assets.xcassets */ = {isa = PBXFileReference; lastKnownFileType = folder.assetcatalog; path = Assets.xcassets; sourceTree = "<group>"; };
		4C2CB90328B1568900A8F71D /* Base */ = {isa = PBXFileReference; lastKnownFileType = file.storyboard; name = Base; path = Base.lproj/LaunchScreen.storyboard; sourceTree = "<group>"; };
		4C2CB90528B1568900A8F71D /* Info.plist */ = {isa = PBXFileReference; lastKnownFileType = text.plist.xml; path = Info.plist; sourceTree = "<group>"; };
		4C2CB90A28B1568900A8F71D /* preworkTests.xctest */ = {isa = PBXFileReference; explicitFileType = wrapper.cfbundle; includeInIndex = 0; path = preworkTests.xctest; sourceTree = BUILT_PRODUCTS_DIR; };
		4C2CB90E28B1568900A8F71D /* preworkTests.swift */ = {isa = PBXFileReference; lastKnownFileType = sourcecode.swift; path = preworkTests.swift; sourceTree = "<group>"; };
		4C2CB91428B1568900A8F71D /* preworkUITests.xctest */ = {isa = PBXFileReference; explicitFileType = wrapper.cfbundle; includeInIndex = 0; path = preworkUITests.xctest; sourceTree = BUILT_PRODUCTS_DIR; };
		4C2CB91828B1568900A8F71D /* preworkUITests.swift */ = {isa = PBXFileReference; lastKnownFileType = sourcecode.swift; path = preworkUITests.swift; sourceTree = "<group>"; };
		4C2CB91A28B1568900A8F71D /* preworkUITestsLaunchTests.swift */ = {isa = PBXFileReference; lastKnownFileType = sourcecode.swift; path = preworkUITestsLaunchTests.swift; sourceTree = "<group>"; };
/* End PBXFileReference section */

/* Begin PBXFrameworksBuildPhase section */
		4C2CB8F128B1568700A8F71D /* Frameworks */ = {
			isa = PBXFrameworksBuildPhase;
			buildActionMask = 2147483647;
			files = (
			);
			runOnlyForDeploymentPostprocessing = 0;
		};
		4C2CB90728B1568900A8F71D /* Frameworks */ = {
			isa = PBXFrameworksBuildPhase;
			buildActionMask = 2147483647;
			files = (
			);
			runOnlyForDeploymentPostprocessing = 0;
		};
		4C2CB91128B1568900A8F71D /* Frameworks */ = {
			isa = PBXFrameworksBuildPhase;
			buildActionMask = 2147483647;
			files = (
			);
			runOnlyForDeploymentPostprocessing = 0;
		};
/* End PBXFrameworksBuildPhase section */

/* Begin PBXGroup section */
		4C2CB8EB28B1568700A8F71D = {
			isa = PBXGroup;
			children = (
				4C2CB8F628B1568700A8F71D /* prework */,
				4C2CB90D28B1568900A8F71D /* preworkTests */,
				4C2CB91728B1568900A8F71D /* preworkUITests */,
				4C2CB8F528B1568700A8F71D /* Products */,
			);
			sourceTree = "<group>";
		};
		4C2CB8F528B1568700A8F71D /* Products */ = {
			isa = PBXGroup;
			children = (
				4C2CB8F428B1568700A8F71D /* prework.app */,
				4C2CB90A28B1568900A8F71D /* preworkTests.xctest */,
				4C2CB91428B1568900A8F71D /* preworkUITests.xctest */,
			);
			name = Products;
			sourceTree = "<group>";
		};
		4C2CB8F628B1568700A8F71D /* prework */ = {
			isa = PBXGroup;
			children = (
				4C2CB8F728B1568700A8F71D /* AppDelegate.swift */,
				4C2CB8F928B1568700A8F71D /* SceneDelegate.swift */,
				4C2CB8FB28B1568700A8F71D /* ViewController.swift */,
				4C2CB8FD28B1568700A8F71D /* Main.storyboard */,
				4C2CB90028B1568900A8F71D /* Assets.xcassets */,
				4C2CB90228B1568900A8F71D /* LaunchScreen.storyboard */,
				4C2CB90528B1568900A8F71D /* Info.plist */,
			);
			path = prework;
			sourceTree = "<group>";
		};
		4C2CB90D28B1568900A8F71D /* preworkTests */ = {
			isa = PBXGroup;
			children = (
				4C2CB90E28B1568900A8F71D /* preworkTests.swift */,
			);
			path = preworkTests;
			sourceTree = "<group>";
		};
		4C2CB91728B1568900A8F71D /* preworkUITests */ = {
			isa = PBXGroup;
			children = (
				4C2CB91828B1568900A8F71D /* preworkUITests.swift */,
				4C2CB91A28B1568900A8F71D /* preworkUITestsLaunchTests.swift */,
			);
			path = preworkUITests;
			sourceTree = "<group>";
		};
/* End PBXGroup section */

/* Begin PBXNativeTarget section */
		4C2CB8F328B1568700A8F71D /* prework */ = {
			isa = PBXNativeTarget;
			buildConfigurationList = 4C2CB91E28B1568900A8F71D /* Build configuration list for PBXNativeTarget "prework" */;
			buildPhases = (
				4C2CB8F028B1568700A8F71D /* Sources */,
				4C2CB8F128B1568700A8F71D /* Frameworks */,
				4C2CB8F228B1568700A8F71D /* Resources */,
			);
			buildRules = (
			);
			dependencies = (
			);
			name = prework;
			productName = prework;
			productReference = 4C2CB8F428B1568700A8F71D /* prework.app */;
			productType = "com.apple.product-type.application";
		};
		4C2CB90928B1568900A8F71D /* preworkTests */ = {
			isa = PBXNativeTarget;
			buildConfigurationList = 4C2CB92128B1568900A8F71D /* Build configuration list for PBXNativeTarget "preworkTests" */;
			buildPhases = (
				4C2CB90628B1568900A8F71D /* Sources */,
				4C2CB90728B1568900A8F71D /* Frameworks */,
				4C2CB90828B1568900A8F71D /* Resources */,
			);
			buildRules = (
			);
			dependencies = (
				4C2CB90C28B1568900A8F71D /* PBXTargetDependency */,
			);
			name = preworkTests;
			productName = preworkTests;
			productReference = 4C2CB90A28B1568900A8F71D /* preworkTests.xctest */;
			productType = "com.apple.product-type.bundle.unit-test";
		};
		4C2CB91328B1568900A8F71D /* preworkUITests */ = {
			isa = PBXNativeTarget;
			buildConfigurationList = 4C2CB92428B1568900A8F71D /* Build configuration list for PBXNativeTarget "preworkUITests" */;
			buildPhases = (
				4C2CB91028B1568900A8F71D /* Sources */,
				4C2CB91128B1568900A8F71D /* Frameworks */,
				4C2CB91228B1568900A8F71D /* Resources */,
			);
			buildRules = (
			);
			dependencies = (
				4C2CB91628B1568900A8F71D /* PBXTargetDependency */,
			);
			name = preworkUITests;
			productName = preworkUITests;
			productReference = 4C2CB91428B1568900A8F71D /* preworkUITests.xctest */;
			productType = "com.apple.product-type.bundle.ui-testing";
		};
/* End PBXNativeTarget section */

/* Begin PBXProject section */
		4C2CB8EC28B1568700A8F71D /* Project object */ = {
			isa = PBXProject;
			attributes = {
				BuildIndependentTargetsInParallel = 1;
				LastSwiftUpdateCheck = 1340;
				LastUpgradeCheck = 1340;
				TargetAttributes = {
					4C2CB8F328B1568700A8F71D = {
						CreatedOnToolsVersion = 13.4.1;
					};
					4C2CB90928B1568900A8F71D = {
						CreatedOnToolsVersion = 13.4.1;
						TestTargetID = 4C2CB8F328B1568700A8F71D;
					};
					4C2CB91328B1568900A8F71D = {
						CreatedOnToolsVersion = 13.4.1;
						TestTargetID = 4C2CB8F328B1568700A8F71D;
					};
				};
			};
			buildConfigurationList = 4C2CB8EF28B1568700A8F71D /* Build configuration list for PBXProject "prework" */;
			compatibilityVersion = "Xcode 13.0";
			developmentRegion = en;
			hasScannedForEncodings = 0;
			knownRegions = (
				en,
				Base,
			);
			mainGroup = 4C2CB8EB28B1568700A8F71D;
			productRefGroup = 4C2CB8F528B1568700A8F71D /* Products */;
			projectDirPath = "";
			projectRoot = "";
			targets = (
				4C2CB8F328B1568700A8F71D /* prework */,
				4C2CB90928B1568900A8F71D /* preworkTests */,
				4C2CB91328B1568900A8F71D /* preworkUITests */,
			);
		};
/* End PBXProject section */

/* Begin PBXResourcesBuildPhase section */
		4C2CB8F228B1568700A8F71D /* Resources */ = {
			isa = PBXResourcesBuildPhase;
			buildActionMask = 2147483647;
			files = (
				4C2CB90428B1568900A8F71D /* LaunchScreen.storyboard in Resources */,
				4C2CB90128B1568900A8F71D /* Assets.xcassets in Resources */,
				4C2CB8FF28B1568700A8F71D /* Main.storyboard in Resources */,
			);
			runOnlyForDeploymentPostprocessing = 0;
		};
		4C2CB90828B1568900A8F71D /* Resources */ = {
			isa = PBXResourcesBuildPhase;
			buildActionMask = 2147483647;
			files = (
			);
			runOnlyForDeploymentPostprocessing = 0;
		};
		4C2CB91228B1568900A8F71D /* Resources */ = {
			isa = PBXResourcesBuildPhase;
			buildActionMask = 2147483647;
			files = (
			);
			runOnlyForDeploymentPostprocessing = 0;
		};
/* End PBXResourcesBuildPhase section */

/* Begin PBXSourcesBuildPhase section */
		4C2CB8F028B1568700A8F71D /* Sources */ = {
			isa = PBXSourcesBuildPhase;
			buildActionMask = 2147483647;
			files = (
				4C2CB8FC28B1568700A8F71D /* ViewController.swift in Sources */,
				4C2CB8F828B1568700A8F71D /* AppDelegate.swift in Sources */,
				4C2CB8FA28B1568700A8F71D /* SceneDelegate.swift in Sources */,
			);
			runOnlyForDeploymentPostprocessing = 0;
		};
		4C2CB90628B1568900A8F71D /* Sources */ = {
			isa = PBXSourcesBuildPhase;
			buildActionMask = 2147483647;
			files = (
				4C2CB90F28B1568900A8F71D /* preworkTests.swift in Sources */,
			);
			runOnlyForDeploymentPostprocessing = 0;
		};
		4C2CB91028B1568900A8F71D /* Sources */ = {
			isa = PBXSourcesBuildPhase;
			buildActionMask = 2147483647;
			files = (
				4C2CB91928B1568900A8F71D /* preworkUITests.swift in Sources */,
				4C2CB91B28B1568900A8F71D /* preworkUITestsLaunchTests.swift in Sources */,
			);
			runOnlyForDeploymentPostprocessing = 0;
		};
/* End PBXSourcesBuildPhase section */

/* Begin PBXTargetDependency section */
		4C2CB90C28B1568900A8F71D /* PBXTargetDependency */ = {
			isa = PBXTargetDependency;
			target = 4C2CB8F328B1568700A8F71D /* prework */;
			targetProxy = 4C2CB90B28B1568900A8F71D /* PBXContainerItemProxy */;
		};
		4C2CB91628B1568900A8F71D /* PBXTargetDependency */ = {
			isa = PBXTargetDependency;
			target = 4C2CB8F328B1568700A8F71D /* prework */;
			targetProxy = 4C2CB91528B1568900A8F71D /* PBXContainerItemProxy */;
		};
/* End PBXTargetDependency section */

/* Begin PBXVariantGroup section */
		4C2CB8FD28B1568700A8F71D /* Main.storyboard */ = {
			isa = PBXVariantGroup;
			children = (
				4C2CB8FE28B1568700A8F71D /* Base */,
			);
			name = Main.storyboard;
			sourceTree = "<group>";
		};
		4C2CB90228B1568900A8F71D /* LaunchScreen.storyboard */ = {
			isa = PBXVariantGroup;
			children = (
				4C2CB90328B1568900A8F71D /* Base */,
			);
			name = LaunchScreen.storyboard;
			sourceTree = "<group>";
		};
/* End PBXVariantGroup section */

/* Begin XCBuildConfiguration section */
		4C2CB91C28B1568900A8F71D /* Debug */ = {
			isa = XCBuildConfiguration;
			buildSettings = {
				ALWAYS_SEARCH_USER_PATHS = NO;
				CLANG_ANALYZER_NONNULL = YES;
				CLANG_ANALYZER_NUMBER_OBJECT_CONVERSION = YES_AGGRESSIVE;
				CLANG_CXX_LANGUAGE_STANDARD = "gnu++17";
				CLANG_ENABLE_MODULES = YES;
				CLANG_ENABLE_OBJC_ARC = YES;
				CLANG_ENABLE_OBJC_WEAK = YES;
				CLANG_WARN_BLOCK_CAPTURE_AUTORELEASING = YES;
				CLANG_WARN_BOOL_CONVERSION = YES;
				CLANG_WARN_COMMA = YES;
				CLANG_WARN_CONSTANT_CONVERSION = YES;
				CLANG_WARN_DEPRECATED_OBJC_IMPLEMENTATIONS = YES;
				CLANG_WARN_DIRECT_OBJC_ISA_USAGE = YES_ERROR;
				CLANG_WARN_DOCUMENTATION_COMMENTS = YES;
				CLANG_WARN_EMPTY_BODY = YES;
				CLANG_WARN_ENUM_CONVERSION = YES;
				CLANG_WARN_INFINITE_RECURSION = YES;
				CLANG_WARN_INT_CONVERSION = YES;
				CLANG_WARN_NON_LITERAL_NULL_CONVERSION = YES;
				CLANG_WARN_OBJC_IMPLICIT_RETAIN_SELF = YES;
				CLANG_WARN_OBJC_LITERAL_CONVERSION = YES;
				CLANG_WARN_OBJC_ROOT_CLASS = YES_ERROR;
				CLANG_WARN_QUOTED_INCLUDE_IN_FRAMEWORK_HEADER = YES;
				CLANG_WARN_RANGE_LOOP_ANALYSIS = YES;
				CLANG_WARN_STRICT_PROTOTYPES = YES;
				CLANG_WARN_SUSPICIOUS_MOVE = YES;
				CLANG_WARN_UNGUARDED_AVAILABILITY = YES_AGGRESSIVE;
				CLANG_WARN_UNREACHABLE_CODE = YES;
				CLANG_WARN__DUPLICATE_METHOD_MATCH = YES;
				COPY_PHASE_STRIP = NO;
				DEBUG_INFORMATION_FORMAT = dwarf;
				ENABLE_STRICT_OBJC_MSGSEND = YES;
				ENABLE_TESTABILITY = YES;
				GCC_C_LANGUAGE_STANDARD = gnu11;
				GCC_DYNAMIC_NO_PIC = NO;
				GCC_NO_COMMON_BLOCKS = YES;
				GCC_OPTIMIZATION_LEVEL = 0;
				GCC_PREPROCESSOR_DEFINITIONS = (
					"DEBUG=1",
					"$(inherited)",
				);
				GCC_WARN_64_TO_32_BIT_CONVERSION = YES;
				GCC_WARN_ABOUT_RETURN_TYPE = YES_ERROR;
				GCC_WARN_UNDECLARED_SELECTOR = YES;
				GCC_WARN_UNINITIALIZED_AUTOS = YES_AGGRESSIVE;
				GCC_WARN_UNUSED_FUNCTION = YES;
				GCC_WARN_UNUSED_VARIABLE = YES;
				IPHONEOS_DEPLOYMENT_TARGET = 15.5;
				MTL_ENABLE_DEBUG_INFO = INCLUDE_SOURCE;
				MTL_FAST_MATH = YES;
				ONLY_ACTIVE_ARCH = YES;
				SDKROOT = iphoneos;
				SWIFT_ACTIVE_COMPILATION_CONDITIONS = DEBUG;
				SWIFT_OPTIMIZATION_LEVEL = "-Onone";
			};
			name = Debug;
		};
		4C2CB91D28B1568900A8F71D /* Release */ = {
			isa = XCBuildConfiguration;
			buildSettings = {
				ALWAYS_SEARCH_USER_PATHS = NO;
				CLANG_ANALYZER_NONNULL = YES;
				CLANG_ANALYZER_NUMBER_OBJECT_CONVERSION = YES_AGGRESSIVE;
				CLANG_CXX_LANGUAGE_STANDARD = "gnu++17";
				CLANG_ENABLE_MODULES = YES;
				CLANG_ENABLE_OBJC_ARC = YES;
				CLANG_ENABLE_OBJC_WEAK = YES;
				CLANG_WARN_BLOCK_CAPTURE_AUTORELEASING = YES;
				CLANG_WARN_BOOL_CONVERSION = YES;
				CLANG_WARN_COMMA = YES;
				CLANG_WARN_CONSTANT_CONVERSION = YES;
				CLANG_WARN_DEPRECATED_OBJC_IMPLEMENTATIONS = YES;
				CLANG_WARN_DIRECT_OBJC_ISA_USAGE = YES_ERROR;
				CLANG_WARN_DOCUMENTATION_COMMENTS = YES;
				CLANG_WARN_EMPTY_BODY = YES;
				CLANG_WARN_ENUM_CONVERSION = YES;
				CLANG_WARN_INFINITE_RECURSION = YES;
				CLANG_WARN_INT_CONVERSION = YES;
				CLANG_WARN_NON_LITERAL_NULL_CONVERSION = YES;
				CLANG_WARN_OBJC_IMPLICIT_RETAIN_SELF = YES;
				CLANG_WARN_OBJC_LITERAL_CONVERSION = YES;
				CLANG_WARN_OBJC_ROOT_CLASS = YES_ERROR;
				CLANG_WARN_QUOTED_INCLUDE_IN_FRAMEWORK_HEADER = YES;
				CLANG_WARN_RANGE_LOOP_ANALYSIS = YES;
				CLANG_WARN_STRICT_PROTOTYPES = YES;
				CLANG_WARN_SUSPICIOUS_MOVE = YES;
				CLANG_WARN_UNGUARDED_AVAILABILITY = YES_AGGRESSIVE;
				CLANG_WARN_UNREACHABLE_CODE = YES;
				CLANG_WARN__DUPLICATE_METHOD_MATCH = YES;
				COPY_PHASE_STRIP = NO;
				DEBUG_INFORMATION_FORMAT = "dwarf-with-dsym";
				ENABLE_NS_ASSERTIONS = NO;
				ENABLE_STRICT_OBJC_MSGSEND = YES;
				GCC_C_LANGUAGE_STANDARD = gnu11;
				GCC_NO_COMMON_BLOCKS = YES;
				GCC_WARN_64_TO_32_BIT_CONVERSION = YES;
				GCC_WARN_ABOUT_RETURN_TYPE = YES_ERROR;
				GCC_WARN_UNDECLARED_SELECTOR = YES;
				GCC_WARN_UNINITIALIZED_AUTOS = YES_AGGRESSIVE;
				GCC_WARN_UNUSED_FUNCTION = YES;
				GCC_WARN_UNUSED_VARIABLE = YES;
				IPHONEOS_DEPLOYMENT_TARGET = 15.5;
				MTL_ENABLE_DEBUG_INFO = NO;
				MTL_FAST_MATH = YES;
				SDKROOT = iphoneos;
				SWIFT_COMPILATION_MODE = wholemodule;
				SWIFT_OPTIMIZATION_LEVEL = "-O";
				VALIDATE_PRODUCT = YES;
			};
			name = Release;
		};
		4C2CB91F28B1568900A8F71D /* Debug */ = {
			isa = XCBuildConfiguration;
			buildSettings = {
				ASSETCATALOG_COMPILER_APPICON_NAME = AppIcon;
				ASSETCATALOG_COMPILER_GLOBAL_ACCENT_COLOR_NAME = AccentColor;
				CODE_SIGN_STYLE = Automatic;
				CURRENT_PROJECT_VERSION = 1;
				GENERATE_INFOPLIST_FILE = YES;
				INFOPLIST_FILE = prework/Info.plist;
				INFOPLIST_KEY_UIApplicationSupportsIndirectInputEvents = YES;
				INFOPLIST_KEY_UILaunchStoryboardName = LaunchScreen;
				INFOPLIST_KEY_UIMainStoryboardFile = Main;
				INFOPLIST_KEY_UISupportedInterfaceOrientations_iPad = "UIInterfaceOrientationPortrait UIInterfaceOrientationPortraitUpsideDown UIInterfaceOrientationLandscapeLeft UIInterfaceOrientationLandscapeRight";
				INFOPLIST_KEY_UISupportedInterfaceOrientations_iPhone = "UIInterfaceOrientationPortrait UIInterfaceOrientationLandscapeLeft UIInterfaceOrientationLandscapeRight";
				LD_RUNPATH_SEARCH_PATHS = (
					"$(inherited)",
					"@executable_path/Frameworks",
				);
				MARKETING_VERSION = 1.0;
				PRODUCT_BUNDLE_IDENTIFIER = codepath.prework;
				PRODUCT_NAME = "$(TARGET_NAME)";
				SWIFT_EMIT_LOC_STRINGS = YES;
				SWIFT_VERSION = 5.0;
				TARGETED_DEVICE_FAMILY = "1,2";
			};
			name = Debug;
		};
		4C2CB92028B1568900A8F71D /* Release */ = {
			isa = XCBuildConfiguration;
			buildSettings = {
				ASSETCATALOG_COMPILER_APPICON_NAME = AppIcon;
				ASSETCATALOG_COMPILER_GLOBAL_ACCENT_COLOR_NAME = AccentColor;
				CODE_SIGN_STYLE = Automatic;
				CURRENT_PROJECT_VERSION = 1;
				GENERATE_INFOPLIST_FILE = YES;
				INFOPLIST_FILE = prework/Info.plist;
				INFOPLIST_KEY_UIApplicationSupportsIndirectInputEvents = YES;
				INFOPLIST_KEY_UILaunchStoryboardName = LaunchScreen;
				INFOPLIST_KEY_UIMainStoryboardFile = Main;
				INFOPLIST_KEY_UISupportedInterfaceOrientations_iPad = "UIInterfaceOrientationPortrait UIInterfaceOrientationPortraitUpsideDown UIInterfaceOrientationLandscapeLeft UIInterfaceOrientationLandscapeRight";
				INFOPLIST_KEY_UISupportedInterfaceOrientations_iPhone = "UIInterfaceOrientationPortrait UIInterfaceOrientationLandscapeLeft UIInterfaceOrientationLandscapeRight";
				LD_RUNPATH_SEARCH_PATHS = (
					"$(inherited)",
					"@executable_path/Frameworks",
				);
				MARKETING_VERSION = 1.0;
				PRODUCT_BUNDLE_IDENTIFIER = codepath.prework;
				PRODUCT_NAME = "$(TARGET_NAME)";
				SWIFT_EMIT_LOC_STRINGS = YES;
				SWIFT_VERSION = 5.0;
				TARGETED_DEVICE_FAMILY = "1,2";
			};
			name = Release;
		};
		4C2CB92228B1568900A8F71D /* Debug */ = {
			isa = XCBuildConfiguration;
			buildSettings = {
				ALWAYS_EMBED_SWIFT_STANDARD_LIBRARIES = YES;
				BUNDLE_LOADER = "$(TEST_HOST)";
				CODE_SIGN_STYLE = Automatic;
				CURRENT_PROJECT_VERSION = 1;
				GENERATE_INFOPLIST_FILE = YES;
				IPHONEOS_DEPLOYMENT_TARGET = 15.5;
				MARKETING_VERSION = 1.0;
				PRODUCT_BUNDLE_IDENTIFIER = codepath.preworkTests;
				PRODUCT_NAME = "$(TARGET_NAME)";
				SWIFT_EMIT_LOC_STRINGS = NO;
				SWIFT_VERSION = 5.0;
				TARGETED_DEVICE_FAMILY = "1,2";
				TEST_HOST = "$(BUILT_PRODUCTS_DIR)/prework.app/prework";
			};
			name = Debug;
		};
		4C2CB92328B1568900A8F71D /* Release */ = {
			isa = XCBuildConfiguration;
			buildSettings = {
				ALWAYS_EMBED_SWIFT_STANDARD_LIBRARIES = YES;
				BUNDLE_LOADER = "$(TEST_HOST)";
				CODE_SIGN_STYLE = Automatic;
				CURRENT_PROJECT_VERSION = 1;
				GENERATE_INFOPLIST_FILE = YES;
				IPHONEOS_DEPLOYMENT_TARGET = 15.5;
				MARKETING_VERSION = 1.0;
				PRODUCT_BUNDLE_IDENTIFIER = codepath.preworkTests;
				PRODUCT_NAME = "$(TARGET_NAME)";
				SWIFT_EMIT_LOC_STRINGS = NO;
				SWIFT_VERSION = 5.0;
				TARGETED_DEVICE_FAMILY = "1,2";
				TEST_HOST = "$(BUILT_PRODUCTS_DIR)/prework.app/prework";
			};
			name = Release;
		};
		4C2CB92528B1568900A8F71D /* Debug */ = {
			isa = XCBuildConfiguration;
			buildSettings = {
				ALWAYS_EMBED_SWIFT_STANDARD_LIBRARIES = YES;
				CODE_SIGN_STYLE = Automatic;
				CURRENT_PROJECT_VERSION = 1;
				GENERATE_INFOPLIST_FILE = YES;
				MARKETING_VERSION = 1.0;
				PRODUCT_BUNDLE_IDENTIFIER = codepath.preworkUITests;
				PRODUCT_NAME = "$(TARGET_NAME)";
				SWIFT_EMIT_LOC_STRINGS = NO;
				SWIFT_VERSION = 5.0;
				TARGETED_DEVICE_FAMILY = "1,2";
				TEST_TARGET_NAME = prework;
			};
			name = Debug;
		};
		4C2CB92628B1568900A8F71D /* Release */ = {
			isa = XCBuildConfiguration;
			buildSettings = {
				ALWAYS_EMBED_SWIFT_STANDARD_LIBRARIES = YES;
				CODE_SIGN_STYLE = Automatic;
				CURRENT_PROJECT_VERSION = 1;
				GENERATE_INFOPLIST_FILE = YES;
				MARKETING_VERSION = 1.0;
				PRODUCT_BUNDLE_IDENTIFIER = codepath.preworkUITests;
				PRODUCT_NAME = "$(TARGET_NAME)";
				SWIFT_EMIT_LOC_STRINGS = NO;
				SWIFT_VERSION = 5.0;
				TARGETED_DEVICE_FAMILY = "1,2";
				TEST_TARGET_NAME = prework;
			};
			name = Release;
		};
/* End XCBuildConfiguration section */

/* Begin XCConfigurationList section */
		4C2CB8EF28B1568700A8F71D /* Build configuration list for PBXProject "prework" */ = {
			isa = XCConfigurationList;
			buildConfigurations = (
				4C2CB91C28B1568900A8F71D /* Debug */,
				4C2CB91D28B1568900A8F71D /* Release */,
			);
			defaultConfigurationIsVisible = 0;
			defaultConfigurationName = Release;
		};
		4C2CB91E28B1568900A8F71D /* Build configuration list for PBXNativeTarget "prework" */ = {
			isa = XCConfigurationList;
			buildConfigurations = (
				4C2CB91F28B1568900A8F71D /* Debug */,
				4C2CB92028B1568900A8F71D /* Release */,
			);
			defaultConfigurationIsVisible = 0;
			defaultConfigurationName = Release;
		};
		4C2CB92128B1568900A8F71D /* Build configuration list for PBXNativeTarget "preworkTests" */ = {
			isa = XCConfigurationList;
			buildConfigurations = (
				4C2CB92228B1568900A8F71D /* Debug */,
				4C2CB92328B1568900A8F71D /* Release */,
			);
			defaultConfigurationIsVisible = 0;
			defaultConfigurationName = Release;
		};
		4C2CB92428B1568900A8F71D /* Build configuration list for PBXNativeTarget "preworkUITests" */ = {
			isa = XCConfigurationList;
			buildConfigurations = (
				4C2CB92528B1568900A8F71D /* Debug */,
				4C2CB92628B1568900A8F71D /* Release */,
			);
			defaultConfigurationIsVisible = 0;
			defaultConfigurationName = Release;
		};
/* End XCConfigurationList section */
	};
	rootObject = 4C2CB8EC28B1568700A8F71D /* Project object */;
}
